
Microsoft Visual Studio Solution File, Format Version 12.00
# Visual Studio Version 16
VisualStudioVersion = 16.0.29613.14
MinimumVisualStudioVersion = 10.0.40219.1
Project("{9A19103F-16F7-4668-BE54-9A1E7A4F7556}") = "Orleans.Sagas", "Orleans.Sagas\Orleans.Sagas.csproj", "{34D47F4A-EEE7-46CB-9DBB-A1383345CF89}"
EndProject
Project("{9A19103F-16F7-4668-BE54-9A1E7A4F7556}") = "Orleans.Sagas.Tests", "Orleans.Sagas.Tests\Orleans.Sagas.Tests.csproj", "{24BBEBDF-4690-42E0-8751-39FFD43812CD}"
EndProject
Project("{9A19103F-16F7-4668-BE54-9A1E7A4F7556}") = "Orleans.Sagas.Samples", "Orleans.Sagas.Samples\Orleans.Sagas.Samples.csproj", "{DB1FBC18-730D-4B8E-BF3B-1E70A8A581B7}"
EndProject
Project("{FAE04EC0-301F-11D3-BF4B-00C04F79EFBC}") = "Orleans.Sagas.Samples.Activities", "Orleans.Sagas.Samples.Activities\Orleans.Sagas.Samples.Activities.csproj", "{5D93A08C-5053-4D97-9C5C-4D98DA683147}"
EndProject
Global
	GlobalSection(SolutionConfigurationPlatforms) = preSolution
		Debug|Any CPU = Debug|Any CPU
		Release|Any CPU = Release|Any CPU
	EndGlobalSection
	GlobalSection(ProjectConfigurationPlatforms) = postSolution
		{34D47F4A-EEE7-46CB-9DBB-A1383345CF89}.Debug|Any CPU.ActiveCfg = Debug|Any CPU
		{34D47F4A-EEE7-46CB-9DBB-A1383345CF89}.Debug|Any CPU.Build.0 = Debug|Any CPU
		{34D47F4A-EEE7-46CB-9DBB-A1383345CF89}.Release|Any CPU.ActiveCfg = Release|Any CPU
		{34D47F4A-EEE7-46CB-9DBB-A1383345CF89}.Release|Any CPU.Build.0 = Release|Any CPU
		{24BBEBDF-4690-42E0-8751-39FFD43812CD}.Debug|Any CPU.ActiveCfg = Debug|Any CPU
		{24BBEBDF-4690-42E0-8751-39FFD43812CD}.Debug|Any CPU.Build.0 = Debug|Any CPU
		{24BBEBDF-4690-42E0-8751-39FFD43812CD}.Release|Any CPU.ActiveCfg = Release|Any CPU
		{24BBEBDF-4690-42E0-8751-39FFD43812CD}.Release|Any CPU.Build.0 = Release|Any CPU
		{DB1FBC18-730D-4B8E-BF3B-1E70A8A581B7}.Debug|Any CPU.ActiveCfg = Debug|Any CPU
		{DB1FBC18-730D-4B8E-BF3B-1E70A8A581B7}.Debug|Any CPU.Build.0 = Debug|Any CPU
		{DB1FBC18-730D-4B8E-BF3B-1E70A8A581B7}.Release|Any CPU.ActiveCfg = Release|Any CPU
		{DB1FBC18-730D-4B8E-BF3B-1E70A8A581B7}.Release|Any CPU.Build.0 = Release|Any CPU
		{5D93A08C-5053-4D97-9C5C-4D98DA683147}.Debug|Any CPU.ActiveCfg = Debug|Any CPU
		{5D93A08C-5053-4D97-9C5C-4D98DA683147}.Debug|Any CPU.Build.0 = Debug|Any CPU
		{5D93A08C-5053-4D97-9C5C-4D98DA683147}.Release|Any CPU.ActiveCfg = Release|Any CPU
		{5D93A08C-5053-4D97-9C5C-4D98DA683147}.Release|Any CPU.Build.0 = Release|Any CPU
	EndGlobalSection
	GlobalSection(SolutionProperties) = preSolution
		HideSolutionNode = FALSE
	EndGlobalSection
	GlobalSection(ExtensibilityGlobals) = postSolution
		SolutionGuid = {675BCF81-04FA-465B-90DD-C2002CBF861F}
	EndGlobalSection
EndGlobal
